
Microsoft Visual Studio Solution File, Format Version 12.00
# Visual Studio Version 16
VisualStudioVersion = 16.0.31424.327
MinimumVisualStudioVersion = 10.0.40219.1
Project("{FAE04EC0-301F-11D3-BF4B-00C04F79EFBC}") = "Blockchain", "Blockchain.csproj", "{AA5EA739-7E1F-4D60-B85D-BB1ED9F4233B}"
EndProject
Project("{FAE04EC0-301F-11D3-BF4B-00C04F79EFBC}") = "Doctoral accounting", "..\Doctoral accounting\Doctoral accounting.csproj", "{BBB4EC5C-B80A-43E1-94EA-81A47E9E0C7B}"
EndProject
Global
	GlobalSection(SolutionConfigurationPlatforms) = preSolution
		Debug|Any CPU = Debug|Any CPU
		Release|Any CPU = Release|Any CPU
	EndGlobalSection
	GlobalSection(ProjectConfigurationPlatforms) = postSolution
		{AA5EA739-7E1F-4D60-B85D-BB1ED9F4233B}.Debug|Any CPU.ActiveCfg = Debug|Any CPU
		{AA5EA739-7E1F-4D60-B85D-BB1ED9F4233B}.Debug|Any CPU.Build.0 = Debug|Any CPU
		{AA5EA739-7E1F-4D60-B85D-BB1ED9F4233B}.Release|Any CPU.ActiveCfg = Release|Any CPU
		{AA5EA739-7E1F-4D60-B85D-BB1ED9F4233B}.Release|Any CPU.Build.0 = Release|Any CPU
		{BBB4EC5C-B80A-43E1-94EA-81A47E9E0C7B}.Debug|Any CPU.ActiveCfg = Debug|Any CPU
		{BBB4EC5C-B80A-43E1-94EA-81A47E9E0C7B}.Debug|Any CPU.Build.0 = Debug|Any CPU
		{BBB4EC5C-B80A-43E1-94EA-81A47E9E0C7B}.Release|Any CPU.ActiveCfg = Release|Any CPU
		{BBB4EC5C-B80A-43E1-94EA-81A47E9E0C7B}.Release|Any CPU.Build.0 = Release|Any CPU
	EndGlobalSection
	GlobalSection(SolutionProperties) = preSolution
		HideSolutionNode = FALSE
	EndGlobalSection
	GlobalSection(ExtensibilityGlobals) = postSolution
		SolutionGuid = {7EAA3D3C-CB59-413F-9400-C95F95324F3D}
	EndGlobalSection
EndGlobal
